	<Project xmlns="http://schemas.microsoft.com/developer/msbuild/2003">
		<PropertyGroup>
			<ProjectGuid>{373F77C4-A9F5-440B-9DB3-056D0C25109D}</ProjectGuid>
			<MainSource>SynEdit_R2009.dpk</MainSource>
			<Config Condition="'$(Config)'==''">Debug</Config>
			<DCC_DCCCompiler>DCC32</DCC_DCCCompiler>
			<ProjectVersion>12.0</ProjectVersion>
		</PropertyGroup>
		<PropertyGroup Condition="'$(Config)'=='Base' or '$(Base)'!=''">
			<Base>true</Base>
		</PropertyGroup>
		<PropertyGroup Condition="'$(Config)'=='Release' or '$(Cfg_1)'!=''">
			<Cfg_1>true</Cfg_1>
			<CfgParent>Base</CfgParent>
			<Base>true</Base>
		</PropertyGroup>
		<PropertyGroup Condition="'$(Config)'=='Debug' or '$(Cfg_2)'!=''">
			<Cfg_2>true</Cfg_2>
			<CfgParent>Base</CfgParent>
			<Base>true</Base>
		</PropertyGroup>
		<PropertyGroup Condition="'$(Base)'!=''">
			<DCC_ImageBase>00400000</DCC_ImageBase>
			<DCC_WriteableConstants>true</DCC_WriteableConstants>
			<DCC_SymbolReferenceInfo>1</DCC_SymbolReferenceInfo>
			<DCC_DependencyCheckOutputName>C:\Users\Public\Documents\RAD Studio\6.0\Bpl\SynEdit_R2009.bpl</DCC_DependencyCheckOutputName>
			<DCC_Platform>x86</DCC_Platform>
			<DCC_Description>SynEdit component suite runtime</DCC_Description>
			<RuntimeOnlyPackage>true</RuntimeOnlyPackage>
			<GenPackage>true</GenPackage>
			<DCC_S>false</DCC_S>
			<DCC_OutputNeverBuildDcps>true</DCC_OutputNeverBuildDcps>
			<GenDll>true</GenDll>
			<DCC_N>false</DCC_N>
			<DCC_E>false</DCC_E>
			<DCC_F>false</DCC_F>
			<DCC_K>false</DCC_K>
		</PropertyGroup>
		<PropertyGroup Condition="'$(Cfg_1)'!=''">
			<DCC_LocalDebugSymbols>false</DCC_LocalDebugSymbols>
			<DCC_Define>RELEASE;$(DCC_Define)</DCC_Define>
			<DCC_SymbolReferenceInfo>0</DCC_SymbolReferenceInfo>
			<DCC_DebugInformation>false</DCC_DebugInformation>
		</PropertyGroup>
		<PropertyGroup Condition="'$(Cfg_2)'!=''">
			<DCC_Define>DEBUG;$(DCC_Define)</DCC_Define>
		</PropertyGroup>
		<ItemGroup>
			<DelphiCompile Include="SynEdit_R2009.dpk">
				<MainSource>MainSource</MainSource>
			</DelphiCompile>
			<DCCReference Include="vcl.dcp"/>
			<DCCReference Include="vcldb.dcp"/>
			<DCCReference Include="vclx.dcp"/>
			<DCCReference Include="rtl.dcp"/>
			<DCCReference Include="..\SynTextDrawer.pas"/>
			<DCCReference Include="..\SynAutoCorrect.pas"/>
			<DCCReference Include="..\SynAutoCorrectEditor.pas">
				<Form>frmAutoCorrectEditor</Form>
			</DCCReference>
			<DCCReference Include="..\SynCompletionProposal.pas"/>
			<DCCReference Include="..\SynDBEdit.pas"/>
			<DCCReference Include="..\SynEdit.pas"/>
			<DCCReference Include="..\SynEditAutoComplete.pas"/>
			<DCCReference Include="..\SynEditExport.pas"/>
			<DCCReference Include="..\SynEditHighlighter.pas"/>
			<DCCReference Include="..\SynEditKbdHandler.pas"/>
			<DCCReference Include="..\SynEditKeyCmdEditor.pas">
				<Form>SynEditKeystrokeEditorForm</Form>
			</DCCReference>
			<DCCReference Include="..\SynEditKeyCmds.pas"/>
			<DCCReference Include="..\SynEditKeyCmdsEditor.pas">
				<Form>SynEditKeystrokesEditorForm</Form>
			</DCCReference>
			<DCCReference Include="..\SynEditKeyConst.pas"/>
			<DCCReference Include="..\SynEditMiscClasses.pas"/>
			<DCCReference Include="..\SynEditMiscProcs.pas"/>
			<DCCReference Include="..\SynEditOptionsDialog.pas">
				<Form>fmEditorOptionsDialog</Form>
			</DCCReference>
			<DCCReference Include="..\SynEditPlugins.pas"/>
			<DCCReference Include="..\SynEditWordWrap.pas"/>
			<DCCReference Include="..\SynEditPrint.pas"/>
			<DCCReference Include="..\SynEditPrinterInfo.pas"/>
			<DCCReference Include="..\SynEditPrintHeaderFooter.pas"/>
			<DCCReference Include="..\SynEditPrintMargins.pas"/>
			<DCCReference Include="..\SynEditPrintMarginsDialog.pas">
				<Form>SynEditPrintMarginsDlg</Form>
			</DCCReference>
			<DCCReference Include="..\SynEditPrintPreview.pas"/>
			<DCCReference Include="..\SynEditPrintTypes.pas"/>
			<DCCReference Include="..\SynEditPythonBehaviour.pas"/>
			<DCCReference Include="..\SynEditRegexSearch.pas"/>
			<DCCReference Include="..\SynEditSearch.pas"/>
			<DCCReference Include="..\SynEditStrConst.pas"/>
			<DCCReference Include="..\SynEditTextBuffer.pas"/>
			<DCCReference Include="..\SynEditTypes.pas"/>
			<DCCReference Include="..\SynExportHTML.pas"/>
			<DCCReference Include="..\SynExportRTF.pas"/>
			<DCCReference Include="..\SynExportTeX.pas"/>
			<DCCReference Include="..\SynHighlighterADSP21xx.pas"/>
			<DCCReference Include="..\SynHighlighterAsm.pas"/>
			<DCCReference Include="..\SynHighlighterAWK.pas"/>
			<DCCReference Include="..\SynHighlighterBaan.pas"/>
			<DCCReference Include="..\SynHighlighterBat.pas"/>
			<DCCReference Include="..\SynHighlighterCAC.pas"/>
			<DCCReference Include="..\SynHighlighterCache.pas"/>
			<DCCReference Include="..\SynHighlighterCobol.pas"/>
			<DCCReference Include="..\SynHighlighterCPM.pas"/>
			<DCCReference Include="..\SynHighlighterCpp.pas"/>
			<DCCReference Include="..\SynHighlighterCS.pas"/>
			<DCCReference Include="..\SynHighlighterDfm.pas"/>
			<DCCReference Include="..\SynHighlighterDml.pas"/>
			<DCCReference Include="..\SynHighlighterFortran.pas"/>
			<DCCReference Include="..\SynHighlighterFoxpro.pas"/>
			<DCCReference Include="..\SynHighlighterGalaxy.pas"/>
			<DCCReference Include="..\SynHighlighterGeneral.pas"/>
			<DCCReference Include="..\SynHighlighterGWS.pas"/>
			<DCCReference Include="..\SynHighlighterHashEntries.pas"/>
			<DCCReference Include="..\SynHighlighterHaskell.pas"/>
			<DCCReference Include="..\SynHighlighterHC11.pas"/>
			<DCCReference Include="..\SynHighlighterHP48.pas"/>
			<DCCReference Include="..\SynHighlighterHtml.pas"/>
			<DCCReference Include="..\SynHighlighterIDL.pas"/>
			<DCCReference Include="..\SynHighlighterIni.pas"/>
			<DCCReference Include="..\SynHighlighterInno.pas"/>
			<DCCReference Include="..\SynHighlighterJava.pas"/>
			<DCCReference Include="..\SynHighlighterJScript.pas"/>
			<DCCReference Include="..\SynHighlighterKix.pas"/>
			<DCCReference Include="..\SynHighlighterM3.pas"/>
			<DCCReference Include="..\SynHighlighterModelica.pas"/>
			<DCCReference Include="..\SynHighlighterMsg.pas"/>
			<DCCReference Include="..\SynHighlighterMulti.pas"/>
			<DCCReference Include="..\SynHighlighterPas.pas"/>
			<DCCReference Include="..\SynHighlighterPerl.pas"/>
			<DCCReference Include="..\SynHighlighterPHP.pas"/>
			<DCCReference Include="..\SynHighlighterProgress.pas"/>
			<DCCReference Include="..\SynHighlighterPython.pas"/>
			<DCCReference Include="..\SynHighlighterRC.pas"/>
			<DCCReference Include="..\SynHighlighterRuby.pas"/>
			<DCCReference Include="..\SynHighlighterSDD.pas"/>
			<DCCReference Include="..\SynHighlighterSml.pas"/>
			<DCCReference Include="..\SynHighlighterSQL.pas"/>
			<DCCReference Include="..\SynHighlighterST.pas"/>
			<DCCReference Include="..\SynHighlighterTclTk.pas"/>
			<DCCReference Include="..\SynHighlighterTeX.pas"/>
			<DCCReference Include="..\SynHighlighterUNIXShellScript.pas"/>
			<DCCReference Include="..\SynHighlighterUnreal.pas"/>
			<DCCReference Include="..\SynHighlighterVB.pas"/>
			<DCCReference Include="..\SynHighlighterVBScript.pas"/>
			<DCCReference Include="..\SynHighlighterXML.pas"/>
			<DCCReference Include="..\SynMacroRecorder.pas"/>
			<DCCReference Include="..\SynMemo.pas"/>
			<DCCReference Include="..\SynRegExpr.pas"/>
			<DCCReference Include="..\SynHighlighterCss.pas"/>
			<DCCReference Include="..\SynHighlighterLDraw.pas"/>
			<DCCReference Include="..\SynHighlighterURI.pas"/>
			<DCCReference Include="..\SynURIOpener.pas"/>
			<DCCReference Include="..\SynHighlighterDOT.pas"/>
			<DCCReference Include="..\SynHighlighterVrml97.pas"/>
			<DCCReference Include="..\SynHighlighterEiffel.pas"/>
			<DCCReference Include="..\SynUnicode.pas"/>
			<DCCReference Include="..\SynUsp10.pas"/>
			<BuildConfiguration Include="Base">
				<Key>Base</Key>
			</BuildConfiguration>
			<BuildConfiguration Include="Debug">
				<Key>Cfg_2</Key>
				<CfgParent>Base</CfgParent>
			</BuildConfiguration>
			<BuildConfiguration Include="Release">
				<Key>Cfg_1</Key>
				<CfgParent>Base</CfgParent>
			</BuildConfiguration>
		</ItemGroup>
		<Import Project="$(BDS)\Bin\CodeGear.Delphi.Targets" Condition="Exists('$(BDS)\Bin\CodeGear.Delphi.Targets')"/>
		<ProjectExtensions>
			<Borland.Personality>Delphi.Personality.12</Borland.Personality>
			<Borland.ProjectType>Package</Borland.ProjectType>
			<BorlandProject>
				<Delphi.Personality>
					<Source>
						<Source Name="MainSource">SynEdit_R2009.dpk</Source>
					</Source>
					<Parameters>
						<Parameters Name="UseLauncher">False</Parameters>
						<Parameters Name="LoadAllSymbols">True</Parameters>
						<Parameters Name="LoadUnspecifiedSymbols">False</Parameters>
					</Parameters>
					<VersionInfo>
						<VersionInfo Name="IncludeVerInfo">False</VersionInfo>
						<VersionInfo Name="AutoIncBuild">False</VersionInfo>
						<VersionInfo Name="MajorVer">1</VersionInfo>
						<VersionInfo Name="MinorVer">0</VersionInfo>
						<VersionInfo Name="Release">0</VersionInfo>
						<VersionInfo Name="Build">0</VersionInfo>
						<VersionInfo Name="Debug">False</VersionInfo>
						<VersionInfo Name="PreRelease">False</VersionInfo>
						<VersionInfo Name="Special">False</VersionInfo>
						<VersionInfo Name="Private">False</VersionInfo>
						<VersionInfo Name="DLL">False</VersionInfo>
						<VersionInfo Name="Locale">1031</VersionInfo>
						<VersionInfo Name="CodePage">1252</VersionInfo>
					</VersionInfo>
					<VersionInfoKeys>
						<VersionInfoKeys Name="CompanyName"/>
						<VersionInfoKeys Name="FileDescription"/>
						<VersionInfoKeys Name="FileVersion">1.0.0.0</VersionInfoKeys>
						<VersionInfoKeys Name="InternalName"/>
						<VersionInfoKeys Name="LegalCopyright"/>
						<VersionInfoKeys Name="LegalTrademarks"/>
						<VersionInfoKeys Name="OriginalFilename"/>
						<VersionInfoKeys Name="ProductName"/>
						<VersionInfoKeys Name="ProductVersion">1.0.0.0</VersionInfoKeys>
						<VersionInfoKeys Name="Comments"/>
					</VersionInfoKeys>
				</Delphi.Personality>
			</BorlandProject>
			<ProjectFileVersion>12</ProjectFileVersion>
		</ProjectExtensions>
	</Project>
